
Microsoft Visual Studio Solution File, Format Version 12.00
# Visual Studio Version 16
VisualStudioVersion = 16.0.31702.278
MinimumVisualStudioVersion = 10.0.40219.1
Project("{FAE04EC0-301F-11D3-BF4B-00C04F79EFBC}") = "demowebapp", "demowebapp\demowebapp.csproj", "{21BF6316-E251-40B2-B750-960354FCC72E}"
EndProject
Global
	GlobalSection(SolutionConfigurationPlatforms) = preSolution
		Debug|Any CPU = Debug|Any CPU
		Release|Any CPU = Release|Any CPU
	EndGlobalSection
	GlobalSection(ProjectConfigurationPlatforms) = postSolution
		{21BF6316-E251-40B2-B750-960354FCC72E}.Debug|Any CPU.ActiveCfg = Debug|Any CPU
		{21BF6316-E251-40B2-B750-960354FCC72E}.Debug|Any CPU.Build.0 = Debug|Any CPU
		{21BF6316-E251-40B2-B750-960354FCC72E}.Release|Any CPU.ActiveCfg = Release|Any CPU
		{21BF6316-E251-40B2-B750-960354FCC72E}.Release|Any CPU.Build.0 = Release|Any CPU
	EndGlobalSection
	GlobalSection(SolutionProperties) = preSolution
		HideSolutionNode = FALSE
	EndGlobalSection
	GlobalSection(ExtensibilityGlobals) = postSolution
		SolutionGuid = {02CEB94E-B90E-4682-9676-13E91F236685}
	EndGlobalSection
EndGlobal
